
Microsoft Visual Studio Solution File, Format Version 12.00
# Visual Studio Version 16
VisualStudioVersion = 16.0.30907.101
MinimumVisualStudioVersion = 10.0.40219.1
Project("{FAE04EC0-301F-11D3-BF4B-00C04F79EFBC}") = "BrayanAndradeFINAL", "BrayanAndradeFINAL\BrayanAndradeFINAL.csproj", "{4AD119EC-60BF-4C52-A5E8-380E8FC5F03C}"
EndProject
Global
	GlobalSection(SolutionConfigurationPlatforms) = preSolution
		Debug|Any CPU = Debug|Any CPU
		Release|Any CPU = Release|Any CPU
	EndGlobalSection
	GlobalSection(ProjectConfigurationPlatforms) = postSolution
		{4AD119EC-60BF-4C52-A5E8-380E8FC5F03C}.Debug|Any CPU.ActiveCfg = Debug|Any CPU
		{4AD119EC-60BF-4C52-A5E8-380E8FC5F03C}.Debug|Any CPU.Build.0 = Debug|Any CPU
		{4AD119EC-60BF-4C52-A5E8-380E8FC5F03C}.Release|Any CPU.ActiveCfg = Release|Any CPU
		{4AD119EC-60BF-4C52-A5E8-380E8FC5F03C}.Release|Any CPU.Build.0 = Release|Any CPU
	EndGlobalSection
	GlobalSection(SolutionProperties) = preSolution
		HideSolutionNode = FALSE
	EndGlobalSection
	GlobalSection(ExtensibilityGlobals) = postSolution
		SolutionGuid = {E27D0DB0-B6D1-4D1F-AF99-6D00D65AD4D1}
	EndGlobalSection
EndGlobal
